PODS:
  - Alamofire (4.8.0)
  - BKEventBus (1.0.8)
  - BKRedux (1.1.2):
    - RxCocoa (>= 4.2.0)
    - RxSwift (>= 4.2.0)
  - CocoaReactComponentKit (0.0.7):
    - BKEventBus (>= 1.0.7)
    - BKRedux (>= 1.0.0)
    - RxCocoa (>= 4.2.0)
    - RxSwift (>= 4.2.0)
  - Moya (12.0.1):
    - Moya/Core (= 12.0.1)
  - Moya/Core (12.0.1):
    - Alamofire (~> 4.1)
    - Result (~> 4.0)
  - Result (4.0.0)
  - RxAtomic (4.4.0)
  - RxCocoa (4.4.0):
    - RxSwift (~> 4.0)
  - RxGesture (2.1.0):
    - RxCocoa (~> 4.4.0)
    - RxSwift (~> 4.4.0)
  - RxSwift (4.4.0):
    - RxAtomic (~> 4.4)
  - SDWebImage (4.4.3):
    - SDWebImage/Core (= 4.4.3)
  - SDWebImage/Core (4.4.3)
  - SnapKit (4.2.0)

DEPENDENCIES:
  - CocoaReactComponentKit
  - Moya
  - RxGesture
  - SDWebImage
  - SnapKit

SPEC REPOS:
  https://github.com/cocoapods/specs.git:
    - Alamofire
    - BKEventBus
    - BKRedux
    - CocoaReactComponentKit
    - Moya
    - Result
    - RxAtomic
    - RxCocoa
    - RxGesture
    - RxSwift
    - SDWebImage
    - SnapKit

SPEC CHECKSUMS:
  Alamofire: 3ec537f71edc9804815215393ae2b1a8ea33a844
  BKEventBus: b6ec629c0581c98a9c798f930aadd92b751a3f6b
  BKRedux: 2c729b490888bb8a75d4e7b1abe41fd44738e956
  CocoaReactComponentKit: 3f474f1d381fc29a8eebbef8ae6299fb9290f86d
  Moya: cf730b3cd9e005401ef37a85143aa141a12fd38f
  Result: 7645bb3f50c2ce726dd0ff2fa7b6f42bbe6c3713
  RxAtomic: eacf60db868c96bfd63320e28619fe29c179656f
  RxCocoa: df63ebf7b9a70d6b4eeea407ed5dd4efc8979749
  RxGesture: 7f6dfb45dbde06e618c24442d38493e3144f2c95
  RxSwift: 5976ecd04fc2fefd648827c23de5e11157faa973
  SDWebImage: c5594f1a19c48d526d321e548902b56b479cd508
  SnapKit: fe8a619752f3f27075cc9a90244d75c6c3f27e2a

PODFILE CHECKSUM: 2a66798b4d9d6d907457e570e91da8740ddddf70

COCOAPODS: 1.6.0.beta.1
